{
  "name": "signalk-ajrm-marine-console",
  "version": "0.5.121",
  "lockfileVersion": 3,
  "requires": true,
  "packages": {
    "": {
      "name": "signalk-ajrm-marine-console",
      "version": "0.5.121",
      "license": "AGPL-3.0-or-later",
      "engines": {
        "node": ">=20"
      }
    }
  }
}
